lockfileVersion: '6.0'

devDependencies:
  '@tagaroggu/ts':
    specifier: github:tagaroggu/ts#v0.1.0
    version: github.com/tagaroggu/ts/1e3a2383f54dd42949c7bb92b03cc5517b30db5f
  lit-html:
    specifier: ^2.8.0
    version: 2.8.0
  typescript:
    specifier: ^5.1.6
    version: 5.1.6
  urlpattern-polyfill:
    specifier: ^9.0.0
    version: 9.0.0

packages:

  /@types/trusted-types@2.0.3:
    resolution: {integrity: sha512-NfQ4gyz38SL8sDNrSixxU2Os1a5xcdFxipAFxYEuLUlvU2uDwS4NUpsImcf1//SlWItCVMMLiylsxbmNMToV/g==}
    dev: true

  /lit-html@2.8.0:
    resolution: {integrity: sha512-o9t+MQM3P4y7M7yNzqAyjp7z+mQGa4NS4CxiyLqFPyFWyc4O+nodLrkrxSaCTrla6M5YOLaT3RpbbqjszB5g3Q==}
    dependencies:
      '@types/trusted-types': 2.0.3
    dev: true

  /typescript@5.1.6:
    resolution: {integrity: sha512-zaWCozRZ6DLEWAWFrVDz1H6FVXzUSfTy5FUMWsQlU8Ym5JP9eO4xkTIROFCQvhQf61z6O/G6ugw3SgAnvvm+HA==}
    engines: {node: '>=14.17'}
    hasBin: true
    dev: true

  /urlpattern-polyfill@9.0.0:
    resolution: {integrity: sha512-WHN8KDQblxd32odxeIgo83rdVDE2bvdkb86it7bMhYZwWKJz0+O0RK/eZiHYnM+zgt/U7hAHOlCQGfjjvSkw2g==}
    dev: true

  github.com/tagaroggu/ts/1e3a2383f54dd42949c7bb92b03cc5517b30db5f:
    resolution: {tarball: https://codeload.github.com/tagaroggu/ts/tar.gz/1e3a2383f54dd42949c7bb92b03cc5517b30db5f}
    name: '@tagaroggu/ts'
    version: 0.1.0
    dev: true
